
Microsoft Visual Studio Solution File, Format Version 12.00
# Visual Studio 15
VisualStudioVersion = 15.0.27406.0
MinimumVisualStudioVersion = 10.0.40219.1
Project("{778DAE3C-4631-46EA-AA77-85C1314464D9}") = "RoamingClipboardApi", "RoamingClipBoardApi\RoamingClipboardApi.vbproj", "{18DA8779-F8A4-4703-B720-AC9AF10FC1D9}"
EndProject
Project("{778DAE3C-4631-46EA-AA77-85C1314464D9}") = "RoamingClipboardDataLayer", "RoamingClipboardDataLayer\RoamingClipboardDataLayer.vbproj", "{28B86D5B-C1F7-4248-8A1E-120CE5BAA798}"
EndProject
Project("{FAE04EC0-301F-11D3-BF4B-00C04F79EFBC}") = "RoamingClipboardDataLayer.Migration", "RoamingClipboardDataLayer.Migration\RoamingClipboardDataLayer.Migration.csproj", "{F8A042FF-BDAE-404D-8035-BC6A51A55B62}"
EndProject
Global
	GlobalSection(SolutionConfigurationPlatforms) = preSolution
		Debug|Any CPU = Debug|Any CPU
		Debug|ARM = Debug|ARM
		Debug|x64 = Debug|x64
		Debug|x86 = Debug|x86
		Release|Any CPU = Release|Any CPU
		Release|ARM = Release|ARM
		Release|x64 = Release|x64
		Release|x86 = Release|x86
	EndGlobalSection
	GlobalSection(ProjectConfigurationPlatforms) = postSolution
		{18DA8779-F8A4-4703-B720-AC9AF10FC1D9}.Debug|Any CPU.ActiveCfg = Debug|Any CPU
		{18DA8779-F8A4-4703-B720-AC9AF10FC1D9}.Debug|Any CPU.Build.0 = Debug|Any CPU
		{18DA8779-F8A4-4703-B720-AC9AF10FC1D9}.Debug|ARM.ActiveCfg = Debug|Any CPU
		{18DA8779-F8A4-4703-B720-AC9AF10FC1D9}.Debug|ARM.Build.0 = Debug|Any CPU
		{18DA8779-F8A4-4703-B720-AC9AF10FC1D9}.Debug|x64.ActiveCfg = Debug|Any CPU
		{18DA8779-F8A4-4703-B720-AC9AF10FC1D9}.Debug|x64.Build.0 = Debug|Any CPU
		{18DA8779-F8A4-4703-B720-AC9AF10FC1D9}.Debug|x86.ActiveCfg = Debug|Any CPU
		{18DA8779-F8A4-4703-B720-AC9AF10FC1D9}.Debug|x86.Build.0 = Debug|Any CPU
		{18DA8779-F8A4-4703-B720-AC9AF10FC1D9}.Release|Any CPU.ActiveCfg = Release|Any CPU
		{18DA8779-F8A4-4703-B720-AC9AF10FC1D9}.Release|Any CPU.Build.0 = Release|Any CPU
		{18DA8779-F8A4-4703-B720-AC9AF10FC1D9}.Release|ARM.ActiveCfg = Release|Any CPU
		{18DA8779-F8A4-4703-B720-AC9AF10FC1D9}.Release|ARM.Build.0 = Release|Any CPU
		{18DA8779-F8A4-4703-B720-AC9AF10FC1D9}.Release|x64.ActiveCfg = Release|Any CPU
		{18DA8779-F8A4-4703-B720-AC9AF10FC1D9}.Release|x64.Build.0 = Release|Any CPU
		{18DA8779-F8A4-4703-B720-AC9AF10FC1D9}.Release|x86.ActiveCfg = Release|Any CPU
		{18DA8779-F8A4-4703-B720-AC9AF10FC1D9}.Release|x86.Build.0 = Release|Any CPU
		{28B86D5B-C1F7-4248-8A1E-120CE5BAA798}.Debug|Any CPU.ActiveCfg = Debug|Any CPU
		{28B86D5B-C1F7-4248-8A1E-120CE5BAA798}.Debug|Any CPU.Build.0 = Debug|Any CPU
		{28B86D5B-C1F7-4248-8A1E-120CE5BAA798}.Debug|ARM.ActiveCfg = Debug|Any CPU
		{28B86D5B-C1F7-4248-8A1E-120CE5BAA798}.Debug|ARM.Build.0 = Debug|Any CPU
		{28B86D5B-C1F7-4248-8A1E-120CE5BAA798}.Debug|x64.ActiveCfg = Debug|Any CPU
		{28B86D5B-C1F7-4248-8A1E-120CE5BAA798}.Debug|x64.Build.0 = Debug|Any CPU
		{28B86D5B-C1F7-4248-8A1E-120CE5BAA798}.Debug|x86.ActiveCfg = Debug|Any CPU
		{28B86D5B-C1F7-4248-8A1E-120CE5BAA798}.Debug|x86.Build.0 = Debug|Any CPU
		{28B86D5B-C1F7-4248-8A1E-120CE5BAA798}.Release|Any CPU.ActiveCfg = Release|Any CPU
		{28B86D5B-C1F7-4248-8A1E-120CE5BAA798}.Release|Any CPU.Build.0 = Release|Any CPU
		{28B86D5B-C1F7-4248-8A1E-120CE5BAA798}.Release|ARM.ActiveCfg = Release|Any CPU
		{28B86D5B-C1F7-4248-8A1E-120CE5BAA798}.Release|ARM.Build.0 = Release|Any CPU
		{28B86D5B-C1F7-4248-8A1E-120CE5BAA798}.Release|x64.ActiveCfg = Release|Any CPU
		{28B86D5B-C1F7-4248-8A1E-120CE5BAA798}.Release|x64.Build.0 = Release|Any CPU
		{28B86D5B-C1F7-4248-8A1E-120CE5BAA798}.Release|x86.ActiveCfg = Release|Any CPU
		{28B86D5B-C1F7-4248-8A1E-120CE5BAA798}.Release|x86.Build.0 = Release|Any CPU
		{F8A042FF-BDAE-404D-8035-BC6A51A55B62}.Debug|Any CPU.ActiveCfg = Debug|Any CPU
		{F8A042FF-BDAE-404D-8035-BC6A51A55B62}.Debug|Any CPU.Build.0 = Debug|Any CPU
		{F8A042FF-BDAE-404D-8035-BC6A51A55B62}.Debug|ARM.ActiveCfg = Debug|Any CPU
		{F8A042FF-BDAE-404D-8035-BC6A51A55B62}.Debug|ARM.Build.0 = Debug|Any CPU
		{F8A042FF-BDAE-404D-8035-BC6A51A55B62}.Debug|x64.ActiveCfg = Debug|Any CPU
		{F8A042FF-BDAE-404D-8035-BC6A51A55B62}.Debug|x64.Build.0 = Debug|Any CPU
		{F8A042FF-BDAE-404D-8035-BC6A51A55B62}.Debug|x86.ActiveCfg = Debug|Any CPU
		{F8A042FF-BDAE-404D-8035-BC6A51A55B62}.Debug|x86.Build.0 = Debug|Any CPU
		{F8A042FF-BDAE-404D-8035-BC6A51A55B62}.Release|Any CPU.ActiveCfg = Release|Any CPU
		{F8A042FF-BDAE-404D-8035-BC6A51A55B62}.Release|Any CPU.Build.0 = Release|Any CPU
		{F8A042FF-BDAE-404D-8035-BC6A51A55B62}.Release|ARM.ActiveCfg = Release|Any CPU
		{F8A042FF-BDAE-404D-8035-BC6A51A55B62}.Release|ARM.Build.0 = Release|Any CPU
		{F8A042FF-BDAE-404D-8035-BC6A51A55B62}.Release|x64.ActiveCfg = Release|Any CPU
		{F8A042FF-BDAE-404D-8035-BC6A51A55B62}.Release|x64.Build.0 = Release|Any CPU
		{F8A042FF-BDAE-404D-8035-BC6A51A55B62}.Release|x86.ActiveCfg = Release|Any CPU
		{F8A042FF-BDAE-404D-8035-BC6A51A55B62}.Release|x86.Build.0 = Release|Any CPU
	EndGlobalSection
	GlobalSection(SolutionProperties) = preSolution
		HideSolutionNode = FALSE
	EndGlobalSection
	GlobalSection(ExtensibilityGlobals) = postSolution
		SolutionGuid = {9668BE31-D7A1-483D-BE91-DB065FAC2961}
	EndGlobalSection
EndGlobal
